Microsoft Visual Studio Solution File, Format Version 12.00
# Visual Studio 14
VisualStudioVersion = 14.0.25420.1
MinimumVisualStudioVersion = 10.0.40219.1
Project("{8BC9CEB8-8B4A-11D0-8D11-00A0C91BC942}") = "libdshowcapture", "libdshowcapture.vcxproj", "{7E676617-0FBF-3B5F-A15E-D3F7057A2613}"
EndProject
Project("{8BC9CEB8-8B4A-11D0-8D11-00A0C91BC942}") = "CWrapper", "CWrapper\CWrapper.vcxproj", "{AF20D92A-D783-400F-85B5-6D4D17CE4539}"
	ProjectSection(ProjectDependencies) = postProject
		{7E676617-0FBF-3B5F-A15E-D3F7057A2613} = {7E676617-0FBF-3B5F-A15E-D3F7057A2613}
	EndProjectSection
EndProject
Project("{FAE04EC0-301F-11D3-BF4B-00C04F79EFBC}") = "WebcamSampleApp", "WebcamSampleApp\WebcamSampleApp.csproj", "{1EA7A28D-B99D-4FDA-A770-1B63970F1453}"
	ProjectSection(ProjectDependencies) = postProject
		{7E676617-0FBF-3B5F-A15E-D3F7057A2613} = {7E676617-0FBF-3B5F-A15E-D3F7057A2613}
		{AF20D92A-D783-400F-85B5-6D4D17CE4539} = {AF20D92A-D783-400F-85B5-6D4D17CE4539}
	EndProjectSection
EndProject
Project("{FAE04EC0-301F-11D3-BF4B-00C04F79EFBC}") = "LibProtobufForUnity", "LibProtobufForUnity\LibProtobufForUnity.csproj", "{76B78528-A1AF-4D56-8B5D-5027FFE15A8A}"
EndProject
Global
	GlobalSection(SolutionConfigurationPlatforms) = preSolution
		Debug|x64 = Debug|x64
		Debug|x86 = Debug|x86
		Release|x64 = Release|x64
		Release|x86 = Release|x86
	EndGlobalSection
	GlobalSection(ProjectConfigurationPlatforms) = postSolution
		{7E676617-0FBF-3B5F-A15E-D3F7057A2613}.Debug|x64.ActiveCfg = Debug|x64
		{7E676617-0FBF-3B5F-A15E-D3F7057A2613}.Debug|x64.Build.0 = Debug|x64
		{7E676617-0FBF-3B5F-A15E-D3F7057A2613}.Debug|x86.ActiveCfg = Debug|Win32
		{7E676617-0FBF-3B5F-A15E-D3F7057A2613}.Debug|x86.Build.0 = Debug|Win32
		{7E676617-0FBF-3B5F-A15E-D3F7057A2613}.Release|x64.ActiveCfg = Release|x64
		{7E676617-0FBF-3B5F-A15E-D3F7057A2613}.Release|x64.Build.0 = Release|x64
		{7E676617-0FBF-3B5F-A15E-D3F7057A2613}.Release|x86.ActiveCfg = Release|Win32
		{7E676617-0FBF-3B5F-A15E-D3F7057A2613}.Release|x86.Build.0 = Release|Win32
		{AF20D92A-D783-400F-85B5-6D4D17CE4539}.Debug|x64.ActiveCfg = Debug|x64
		{AF20D92A-D783-400F-85B5-6D4D17CE4539}.Debug|x64.Build.0 = Debug|x64
		{AF20D92A-D783-400F-85B5-6D4D17CE4539}.Debug|x86.ActiveCfg = Debug|Win32
		{AF20D92A-D783-400F-85B5-6D4D17CE4539}.Debug|x86.Build.0 = Debug|Win32
		{AF20D92A-D783-400F-85B5-6D4D17CE4539}.Release|x64.ActiveCfg = Release|x64
		{AF20D92A-D783-400F-85B5-6D4D17CE4539}.Release|x64.Build.0 = Release|x64
		{AF20D92A-D783-400F-85B5-6D4D17CE4539}.Release|x86.ActiveCfg = Release|Win32
		{AF20D92A-D783-400F-85B5-6D4D17CE4539}.Release|x86.Build.0 = Release|Win32
		{1EA7A28D-B99D-4FDA-A770-1B63970F1453}.Debug|x64.ActiveCfg = Debug|x64
		{1EA7A28D-B99D-4FDA-A770-1B63970F1453}.Debug|x64.Build.0 = Debug|x64
		{1EA7A28D-B99D-4FDA-A770-1B63970F1453}.Debug|x86.ActiveCfg = Debug|x86
		{1EA7A28D-B99D-4FDA-A770-1B63970F1453}.Debug|x86.Build.0 = Debug|x86
		{1EA7A28D-B99D-4FDA-A770-1B63970F1453}.Release|x64.ActiveCfg = Release|x64
		{1EA7A28D-B99D-4FDA-A770-1B63970F1453}.Release|x64.Build.0 = Release|x64
		{1EA7A28D-B99D-4FDA-A770-1B63970F1453}.Release|x86.ActiveCfg = Release|x86
		{1EA7A28D-B99D-4FDA-A770-1B63970F1453}.Release|x86.Build.0 = Release|x86
		{76B78528-A1AF-4D56-8B5D-5027FFE15A8A}.Debug|x64.ActiveCfg = Debug|Any CPU
		{76B78528-A1AF-4D56-8B5D-5027FFE15A8A}.Debug|x64.Build.0 = Debug|Any CPU
		{76B78528-A1AF-4D56-8B5D-5027FFE15A8A}.Debug|x86.ActiveCfg = Debug|Any CPU
		{76B78528-A1AF-4D56-8B5D-5027FFE15A8A}.Debug|x86.Build.0 = Debug|Any CPU
		{76B78528-A1AF-4D56-8B5D-5027FFE15A8A}.Release|x64.ActiveCfg = Release|Any CPU
		{76B78528-A1AF-4D56-8B5D-5027FFE15A8A}.Release|x64.Build.0 = Release|Any CPU
		{76B78528-A1AF-4D56-8B5D-5027FFE15A8A}.Release|x86.ActiveCfg = Release|Any CPU
		{76B78528-A1AF-4D56-8B5D-5027FFE15A8A}.Release|x86.Build.0 = Release|Any CPU
	EndGlobalSection
	GlobalSection(SolutionProperties) = preSolution
		HideSolutionNode = FALSE
	EndGlobalSection
	GlobalSection(ExtensibilityGlobals) = postSolution
		SolutionGuid = {B214896F-18E4-4325-9B9F-4D775083769A}
	EndGlobalSection
EndGlobal
